
Microsoft Visual Studio Solution File, Format Version 12.00
# Visual Studio Version 18
VisualStudioVersion = 18.2.11415.280 d18.0
MinimumVisualStudioVersion = 10.0.40219.1
Project("{FAE04EC0-301F-11D3-BF4B-00C04F79EFBC}") = "BoneESP", "BasicESP\BoneESP.csproj", "{98C4A5CB-336E-4387-9932-401606D04F59}"
EndProject
Global
	GlobalSection(SolutionConfigurationPlatforms) = preSolution
		Debug|Any CPU = Debug|Any CPU
		Debug|x64 = Debug|x64
		Release|Any CPU = Release|Any CPU
		Release|x64 = Release|x64
	EndGlobalSection
	GlobalSection(ProjectConfigurationPlatforms) = postSolution
		{98C4A5CB-336E-4387-9932-401606D04F59}.Debug|Any CPU.ActiveCfg = Debug|Any CPU
		{98C4A5CB-336E-4387-9932-401606D04F59}.Debug|Any CPU.Build.0 = Debug|Any CPU
		{98C4A5CB-336E-4387-9932-401606D04F59}.Debug|x64.ActiveCfg = Debug|x64
		{98C4A5CB-336E-4387-9932-401606D04F59}.Debug|x64.Build.0 = Debug|x64
		{98C4A5CB-336E-4387-9932-401606D04F59}.Release|Any CPU.ActiveCfg = Release|Any CPU
		{98C4A5CB-336E-4387-9932-401606D04F59}.Release|Any CPU.Build.0 = Release|Any CPU
		{98C4A5CB-336E-4387-9932-401606D04F59}.Release|x64.ActiveCfg = Release|x64
		{98C4A5CB-336E-4387-9932-401606D04F59}.Release|x64.Build.0 = Release|x64
	EndGlobalSection
	GlobalSection(SolutionProperties) = preSolution
		HideSolutionNode = FALSE
	EndGlobalSection
	GlobalSection(ExtensibilityGlobals) = postSolution
		SolutionGuid = {E40A74E9-3D70-48AB-97BB-50054B315103}
	EndGlobalSection
EndGlobal
